{
  "name": "ui5-webcomponents-starter",
  "version": "1.0.0",
  "lockfileVersion": 1,
  "requires": true,
  "dependencies": {
    "@sap-theming/theming-base-content": {
      "version": "11.1.19",
      "resolved": "https://registry.npmjs.org/@sap-theming/theming-base-content/-/theming-base-content-11.1.19.tgz",
      "integrity": "sha512-0RIoniX0XgQDMfMsySvNDeXVGtH3UQRQMkJYFIkaq/nrTGSyfXT9k+B4CbTf4546dyrlLM0YoaHIOtxmMsh1ZA=="
    },
    "@ui5/webcomponents": {
      "version": "0.0.0-934b4df24",
      "resolved": "https://registry.npmjs.org/@ui5/webcomponents/-/webcomponents-0.0.0-934b4df24.tgz",
      "integrity": "sha512-3OoHOdTKq4nLBPvnqxFeNDacMesaX3PBXIF9ZlZEi7bj0UJ+6YRkNNvh+e64TghCaNA52GBwpmvb2WIM136GLA==",
      "requires": {
        "@ui5/webcomponents-base": "0.0.0-934b4df24",
        "@ui5/webcomponents-icons": "0.0.0-934b4df24",
        "@ui5/webcomponents-localization": "0.0.0-934b4df24",
        "@ui5/webcomponents-theme-base": "0.0.0-934b4df24"
      }
    },
    "@ui5/webcomponents-base": {
      "version": "0.0.0-934b4df24",
      "resolved": "https://registry.npmjs.org/@ui5/webcomponents-base/-/webcomponents-base-0.0.0-934b4df24.tgz",
      "integrity": "sha512-hvwK9Atxtm2TsmRdphrTEK+yYmnDm/Ly8QSHaU4iV67J+5TVi8o2lRkUjGDzR8iaMzA0F7K8QOLI06LotnQDxw==",
      "requires": {
        "css-vars-ponyfill": "^2.1.2",
        "lit-html": "^1.0.0",
        "regenerator-runtime": "0.12.1",
        "url-search-params-polyfill": "^5.0.0"
      }
    },
    "@ui5/webcomponents-icons": {
      "version": "0.0.0-934b4df24",
      "resolved": "https://registry.npmjs.org/@ui5/webcomponents-icons/-/webcomponents-icons-0.0.0-934b4df24.tgz",
      "integrity": "sha512-fxnhQSedOP+D23hH6B05yTktDTHJfMPosEj86eLmo5HOGh3Ys3Zj8xnnozmo+g2Y1gUoKGMbbYV8wfdiw+s/dg==",
      "requires": {
        "@ui5/webcomponents-base": "0.0.0-934b4df24"
      }
    },
    "@ui5/webcomponents-localization": {
      "version": "0.0.0-934b4df24",
      "resolved": "https://registry.npmjs.org/@ui5/webcomponents-localization/-/webcomponents-localization-0.0.0-934b4df24.tgz",
      "integrity": "sha512-sOO2/pRWG/SiqazPtU44mAdTRT5asbjXoDRwj29mLLPmgpFpYwEI3EY3Gepq9MUjqjX0bcEZsUPe9qfCHGs5bg==",
      "requires": {
        "@ui5/webcomponents-base": "0.0.0-934b4df24"
      }
    },
    "@ui5/webcomponents-theme-base": {
      "version": "0.0.0-934b4df24",
      "resolved": "https://registry.npmjs.org/@ui5/webcomponents-theme-base/-/webcomponents-theme-base-0.0.0-934b4df24.tgz",
      "integrity": "sha512-1ny/o9l8K1ONM73EepH75Kzg/ZkeNHhKJDLfvxkGwdxH52DXoViyQtgRkDK0vD+eVNz1vwbfyh+WEBbgSdRjWA==",
      "requires": {
        "@sap-theming/theming-base-content": "11.1.19",
        "@ui5/webcomponents-base": "0.0.0-934b4df24"
      }
    },
    "css-vars-ponyfill": {
      "version": "2.3.1",
      "resolved": "https://registry.npmjs.org/css-vars-ponyfill/-/css-vars-ponyfill-2.3.1.tgz",
      "integrity": "sha512-LHLFhKKQChkQz6nItHU1ZA/ABYJbw489eF0APx2a2FvjT32fAnbqriTLzKsl4KXowuVXcwoRWh8iQNO7wNzuGA=="
    },
    "js-tokens": {
      "version": "4.0.0",
      "resolved": "https://registry.npmjs.org/js-tokens/-/js-tokens-4.0.0.tgz",
      "integrity": "sha512-RdJUflcE3cUzKiMqQgsCu06FPu9UdIJO0beYbPhHN4k6apgJtifcoCtT9bcxOpYBtpD2kCM6Sbzg4CausW/PKQ=="
    },
    "lit-html": {
      "version": "1.2.1",
      "resolved": "https://registry.npmjs.org/lit-html/-/lit-html-1.2.1.tgz",
      "integrity": "sha512-GSJHHXMGLZDzTRq59IUfL9FCdAlGfqNp/dEa7k7aBaaWD+JKaCjsAk9KYm2V12ItonVaYx2dprN66Zdm1AuBTQ=="
    },
    "loose-envify": {
      "version": "1.4.0",
      "resolved": "https://registry.npmjs.org/loose-envify/-/loose-envify-1.4.0.tgz",
      "integrity": "sha512-lyuxPGr/Wfhrlem2CL/UcnUc1zcqKAImBDzukY7Y5F/yQiNdko6+fRLevlw1HgMySw7f611UIY408EtxRSoK3Q==",
      "requires": {
        "js-tokens": "^3.0.0 || ^4.0.0"
      }
    },
    "object-assign": {
      "version": "4.1.1",
      "resolved": "https://registry.npmjs.org/object-assign/-/object-assign-4.1.1.tgz",
      "integrity": "sha1-IQmtx5ZYh8/AXLvUQsrIv7s2CGM="
    },
    "prop-types": {
      "version": "15.7.2",
      "resolved": "https://registry.npmjs.org/prop-types/-/prop-types-15.7.2.tgz",
      "integrity": "sha512-8QQikdH7//R2vurIJSutZ1smHYTcLpRWEOlHnzcWHmBYrOGUysKwSsrC89BCiFj3CbrfJ/nXFdJepOVrY1GCHQ==",
      "requires": {
        "loose-envify": "^1.4.0",
        "object-assign": "^4.1.1",
        "react-is": "^16.8.1"
      }
    },
    "react": {
      "version": "16.13.1",
      "resolved": "https://registry.npmjs.org/react/-/react-16.13.1.tgz",
      "integrity": "sha512-YMZQQq32xHLX0bz5Mnibv1/LHb3Sqzngu7xstSM+vrkE5Kzr9xE0yMByK5kMoTK30YVJE61WfbxIFFvfeDKT1w==",
      "requires": {
        "loose-envify": "^1.1.0",
        "object-assign": "^4.1.1",
        "prop-types": "^15.6.2"
      }
    },
    "react-dom": {
      "version": "16.13.1",
      "resolved": "https://registry.npmjs.org/react-dom/-/react-dom-16.13.1.tgz",
      "integrity": "sha512-81PIMmVLnCNLO/fFOQxdQkvEq/+Hfpv24XNJfpyZhTRfO0QcmQIF/PgCa1zCOj2w1hrn12MFLyaJ/G0+Mxtfag==",
      "requires": {
        "loose-envify": "^1.1.0",
        "object-assign": "^4.1.1",
        "prop-types": "^15.6.2",
        "scheduler": "^0.19.1"
      }
    },
    "react-is": {
      "version": "16.13.1",
      "resolved": "https://registry.npmjs.org/react-is/-/react-is-16.13.1.tgz",
      "integrity": "sha512-24e6ynE2H+OKt4kqsOvNd8kBpV65zoxbA4BVsEOB3ARVWQki/DHzaUoC5KuON/BiccDaCCTZBuOcfZs70kR8bQ=="
    },
    "regenerator-runtime": {
      "version": "0.12.1",
      "resolved": "https://registry.npmjs.org/regenerator-runtime/-/regenerator-runtime-0.12.1.tgz",
      "integrity": "sha512-odxIc1/vDlo4iZcfXqRYFj0vpXFNoGdKMAUieAlFYO6m/nl5e9KR/beGf41z4a1FI+aQgtjhuaSlDxQ0hmkrHg=="
    },
    "scheduler": {
      "version": "0.19.1",
      "resolved": "https://registry.npmjs.org/scheduler/-/scheduler-0.19.1.tgz",
      "integrity": "sha512-n/zwRWRYSUj0/3g/otKDRPMh6qv2SYMWNq85IEa8iZyAv8od9zDYpGSnpBEjNgcMNq6Scbu5KfIPxNF72R/2EA==",
      "requires": {
        "loose-envify": "^1.1.0",
        "object-assign": "^4.1.1"
      }
    },
    "url-search-params-polyfill": {
      "version": "5.1.0",
      "resolved": "https://registry.npmjs.org/url-search-params-polyfill/-/url-search-params-polyfill-5.1.0.tgz",
      "integrity": "sha512-yjFY7uw2xRf9e8Mg4ZVkZwtp8dMCC4cbBkEIZiTDpuSY2WJ9+Quw0wRhxncv32qaMQwmBQT+P847rO8PrFhhDA=="
    }
  }
}
